
Microsoft Visual Studio Solution File, Format Version 12.00
Project("{FAE04EC0-301F-11D3-BF4B-00C04F79EFBC}") = "App1", "App1\App1.csproj", "{37E3037F-EBB9-4490-B3F0-9C4796E0C805}"
EndProject
Global
	GlobalSection(SolutionConfigurationPlatforms) = preSolution
		Debug|Any CPU = Debug|Any CPU
		Release|Any CPU = Release|Any CPU
	EndGlobalSection
	GlobalSection(ProjectConfigurationPlatforms) = postSolution
		{37E3037F-EBB9-4490-B3F0-9C4796E0C805}.Debug|Any CPU.ActiveCfg = Debug|Any CPU
		{37E3037F-EBB9-4490-B3F0-9C4796E0C805}.Debug|Any CPU.Build.0 = Debug|Any CPU
		{37E3037F-EBB9-4490-B3F0-9C4796E0C805}.Release|Any CPU.ActiveCfg = Release|Any CPU
		{37E3037F-EBB9-4490-B3F0-9C4796E0C805}.Release|Any CPU.Build.0 = Release|Any CPU
	EndGlobalSection
EndGlobal
